
Microsoft Visual Studio Solution File, Format Version 12.00
# Visual Studio Version 17
VisualStudioVersion = 17.1.31911.260
MinimumVisualStudioVersion = 10.0.40219.1
Project("{FAE04EC0-301F-11D3-BF4B-00C04F79EFBC}") = "SocuciusErgallaBot", "SocuciusErgallaBot\SocuciusErgallaBot.csproj", "{D2D4E6E2-E200-44BF-BFC5-DEABE61EBDAB}"
EndProject
Global
	GlobalSection(SolutionConfigurationPlatforms) = preSolution
		Debug|Any CPU = Debug|Any CPU
		Release|Any CPU = Release|Any CPU
	EndGlobalSection
	GlobalSection(ProjectConfigurationPlatforms) = postSolution
		{D2D4E6E2-E200-44BF-BFC5-DEABE61EBDAB}.Debug|Any CPU.ActiveCfg = Debug|Any CPU
		{D2D4E6E2-E200-44BF-BFC5-DEABE61EBDAB}.Debug|Any CPU.Build.0 = Debug|Any CPU
		{D2D4E6E2-E200-44BF-BFC5-DEABE61EBDAB}.Release|Any CPU.ActiveCfg = Release|Any CPU
		{D2D4E6E2-E200-44BF-BFC5-DEABE61EBDAB}.Release|Any CPU.Build.0 = Release|Any CPU
	EndGlobalSection
	GlobalSection(SolutionProperties) = preSolution
		HideSolutionNode = FALSE
	EndGlobalSection
	GlobalSection(ExtensibilityGlobals) = postSolution
		SolutionGuid = {4CDEF6DA-F0DC-4043-AE81-A54299B8E62A}
	EndGlobalSection
EndGlobal
